
Microsoft Visual Studio Solution File, Format Version 12.00
# Visual Studio Version 17
VisualStudioVersion = 17.0.31903.59
MinimumVisualStudioVersion = 10.0.40219.1
Project("{2150E333-8FDC-42A3-9474-1A3956D46DE8}") = "src", "src", "{827E0CD3-B72D-47B6-A68D-7590B98EB39B}"
	ProjectSection(SolutionItems) = preProject
		docker-compose.yml = docker-compose.yml
	EndProjectSection
EndProject
Project("{FAE04EC0-301F-11D3-BF4B-00C04F79EFBC}") = "DeviceRegistryService", "src\DeviceRegistryService\DeviceRegistryService.csproj", "{422D282B-934C-464E-86A7-4FCB7501FB5B}"
EndProject
Project("{FAE04EC0-301F-11D3-BF4B-00C04F79EFBC}") = "TelemetryIngestionService", "src\TelemetryIngestionService\TelemetryIngestionService.csproj", "{FC671846-0786-4E55-9745-D177D381589A}"
EndProject
Project("{2150E333-8FDC-42A3-9474-1A3956D46DE8}") = "tests", "tests", "{0AB3BF05-4346-4AA6-1389-037BE0695223}"
EndProject
Project("{FAE04EC0-301F-11D3-BF4B-00C04F79EFBC}") = "DeviceRegistryService.Tests", "tests\DeviceRegistryService.Tests\DeviceRegistryService.Tests.csproj", "{FDE7F54D-1A4D-482E-B44E-BEB09916075A}"
EndProject
Project("{2150E333-8FDC-42A3-9474-1A3956D46DE8}") = "setup", "setup", "{02EA681E-C7D8-13C7-8484-4AC65E1B71E8}"
	ProjectSection(SolutionItems) = preProject
		.github\workflows\ci.yml = .github\workflows\ci.yml
		docker-compose.yml = docker-compose.yml
	EndProjectSection
EndProject
Project("{2150E333-8FDC-42A3-9474-1A3956D46DE8}") = "docs", "docs", "{7187CCE9-335B-416B-91FB-7C5C09656E52}"
	ProjectSection(SolutionItems) = preProject
		docs\architecture.md = docs\architecture.md
		README.md = README.md
		docs\setup.md = docs\setup.md
	EndProjectSection
EndProject
Project("{FAE04EC0-301F-11D3-BF4B-00C04F79EFBC}") = "Common", "src\Common\Common.csproj", "{D4070163-F1DF-4DFD-9579-1C45A25CE864}"
EndProject
Project("{FAE04EC0-301F-11D3-BF4B-00C04F79EFBC}") = "DataStorageService", "src\DataStorageService\DataStorageService.csproj", "{A0731A78-3DEF-446B-AA64-1D2AC9E3AF85}"
EndProject
Project("{FAE04EC0-301F-11D3-BF4B-00C04F79EFBC}") = "DataEnhancementService", "src\DataEnhancementService\DataEnhancementService.csproj", "{DF84E6DE-8F1E-4608-A144-6FEA83711407}"
EndProject
Project("{FAE04EC0-301F-11D3-BF4B-00C04F79EFBC}") = "SimulateTelemetry", "tests\SimulateTelemetry\SimulateTelemetry.csproj", "{050B8B43-F877-436B-ABA7-2C5CBE863BB9}"
EndProject
Project("{FAE04EC0-301F-11D3-BF4B-00C04F79EFBC}") = "ApiGateway", "src\ApiGateway\ApiGateway.csproj", "{A3207B02-7B72-4E55-900F-B7CC3A480E12}"
EndProject
Global
	GlobalSection(SolutionConfigurationPlatforms) = preSolution
		Debug|Any CPU = Debug|Any CPU
		Debug|x64 = Debug|x64
		Debug|x86 = Debug|x86
		Release|Any CPU = Release|Any CPU
		Release|x64 = Release|x64
		Release|x86 = Release|x86
	EndGlobalSection
	GlobalSection(ProjectConfigurationPlatforms) = postSolution
		{422D282B-934C-464E-86A7-4FCB7501FB5B}.Debug|Any CPU.ActiveCfg = Debug|Any CPU
		{422D282B-934C-464E-86A7-4FCB7501FB5B}.Debug|Any CPU.Build.0 = Debug|Any CPU
		{422D282B-934C-464E-86A7-4FCB7501FB5B}.Debug|x64.ActiveCfg = Debug|Any CPU
		{422D282B-934C-464E-86A7-4FCB7501FB5B}.Debug|x64.Build.0 = Debug|Any CPU
		{422D282B-934C-464E-86A7-4FCB7501FB5B}.Debug|x86.ActiveCfg = Debug|Any CPU
		{422D282B-934C-464E-86A7-4FCB7501FB5B}.Debug|x86.Build.0 = Debug|Any CPU
		{422D282B-934C-464E-86A7-4FCB7501FB5B}.Release|Any CPU.ActiveCfg = Release|Any CPU
		{422D282B-934C-464E-86A7-4FCB7501FB5B}.Release|Any CPU.Build.0 = Release|Any CPU
		{422D282B-934C-464E-86A7-4FCB7501FB5B}.Release|x64.ActiveCfg = Release|Any CPU
		{422D282B-934C-464E-86A7-4FCB7501FB5B}.Release|x64.Build.0 = Release|Any CPU
		{422D282B-934C-464E-86A7-4FCB7501FB5B}.Release|x86.ActiveCfg = Release|Any CPU
		{422D282B-934C-464E-86A7-4FCB7501FB5B}.Release|x86.Build.0 = Release|Any CPU
		{FC671846-0786-4E55-9745-D177D381589A}.Debug|Any CPU.ActiveCfg = Debug|Any CPU
		{FC671846-0786-4E55-9745-D177D381589A}.Debug|Any CPU.Build.0 = Debug|Any CPU
		{FC671846-0786-4E55-9745-D177D381589A}.Debug|x64.ActiveCfg = Debug|Any CPU
		{FC671846-0786-4E55-9745-D177D381589A}.Debug|x64.Build.0 = Debug|Any CPU
		{FC671846-0786-4E55-9745-D177D381589A}.Debug|x86.ActiveCfg = Debug|Any CPU
		{FC671846-0786-4E55-9745-D177D381589A}.Debug|x86.Build.0 = Debug|Any CPU
		{FC671846-0786-4E55-9745-D177D381589A}.Release|Any CPU.ActiveCfg = Release|Any CPU
		{FC671846-0786-4E55-9745-D177D381589A}.Release|Any CPU.Build.0 = Release|Any CPU
		{FC671846-0786-4E55-9745-D177D381589A}.Release|x64.ActiveCfg = Release|Any CPU
		{FC671846-0786-4E55-9745-D177D381589A}.Release|x64.Build.0 = Release|Any CPU
		{FC671846-0786-4E55-9745-D177D381589A}.Release|x86.ActiveCfg = Release|Any CPU
		{FC671846-0786-4E55-9745-D177D381589A}.Release|x86.Build.0 = Release|Any CPU
		{FDE7F54D-1A4D-482E-B44E-BEB09916075A}.Debug|Any CPU.ActiveCfg = Debug|Any CPU
		{FDE7F54D-1A4D-482E-B44E-BEB09916075A}.Debug|Any CPU.Build.0 = Debug|Any CPU
		{FDE7F54D-1A4D-482E-B44E-BEB09916075A}.Debug|x64.ActiveCfg = Debug|Any CPU
		{FDE7F54D-1A4D-482E-B44E-BEB09916075A}.Debug|x64.Build.0 = Debug|Any CPU
		{FDE7F54D-1A4D-482E-B44E-BEB09916075A}.Debug|x86.ActiveCfg = Debug|Any CPU
		{FDE7F54D-1A4D-482E-B44E-BEB09916075A}.Debug|x86.Build.0 = Debug|Any CPU
		{FDE7F54D-1A4D-482E-B44E-BEB09916075A}.Release|Any CPU.ActiveCfg = Release|Any CPU
		{FDE7F54D-1A4D-482E-B44E-BEB09916075A}.Release|Any CPU.Build.0 = Release|Any CPU
		{FDE7F54D-1A4D-482E-B44E-BEB09916075A}.Release|x64.ActiveCfg = Release|Any CPU
		{FDE7F54D-1A4D-482E-B44E-BEB09916075A}.Release|x64.Build.0 = Release|Any CPU
		{FDE7F54D-1A4D-482E-B44E-BEB09916075A}.Release|x86.ActiveCfg = Release|Any CPU
		{FDE7F54D-1A4D-482E-B44E-BEB09916075A}.Release|x86.Build.0 = Release|Any CPU
		{A0731A78-3DEF-446B-AA64-1D2AC9E3AF85}.Debug|Any CPU.ActiveCfg = Debug|Any CPU
		{A0731A78-3DEF-446B-AA64-1D2AC9E3AF85}.Debug|Any CPU.Build.0 = Debug|Any CPU
		{A0731A78-3DEF-446B-AA64-1D2AC9E3AF85}.Debug|x64.ActiveCfg = Debug|Any CPU
		{A0731A78-3DEF-446B-AA64-1D2AC9E3AF85}.Debug|x64.Build.0 = Debug|Any CPU
		{A0731A78-3DEF-446B-AA64-1D2AC9E3AF85}.Debug|x86.ActiveCfg = Debug|Any CPU
		{A0731A78-3DEF-446B-AA64-1D2AC9E3AF85}.Debug|x86.Build.0 = Debug|Any CPU
		{A0731A78-3DEF-446B-AA64-1D2AC9E3AF85}.Release|Any CPU.ActiveCfg = Release|Any CPU
		{A0731A78-3DEF-446B-AA64-1D2AC9E3AF85}.Release|Any CPU.Build.0 = Release|Any CPU
		{A0731A78-3DEF-446B-AA64-1D2AC9E3AF85}.Release|x64.ActiveCfg = Release|Any CPU
		{A0731A78-3DEF-446B-AA64-1D2AC9E3AF85}.Release|x64.Build.0 = Release|Any CPU
		{A0731A78-3DEF-446B-AA64-1D2AC9E3AF85}.Release|x86.ActiveCfg = Release|Any CPU
		{A0731A78-3DEF-446B-AA64-1D2AC9E3AF85}.Release|x86.Build.0 = Release|Any CPU
		{DF84E6DE-8F1E-4608-A144-6FEA83711407}.Debug|Any CPU.ActiveCfg = Debug|Any CPU
		{DF84E6DE-8F1E-4608-A144-6FEA83711407}.Debug|Any CPU.Build.0 = Debug|Any CPU
		{DF84E6DE-8F1E-4608-A144-6FEA83711407}.Debug|x64.ActiveCfg = Debug|Any CPU
		{DF84E6DE-8F1E-4608-A144-6FEA83711407}.Debug|x64.Build.0 = Debug|Any CPU
		{DF84E6DE-8F1E-4608-A144-6FEA83711407}.Debug|x86.ActiveCfg = Debug|Any CPU
		{DF84E6DE-8F1E-4608-A144-6FEA83711407}.Debug|x86.Build.0 = Debug|Any CPU
		{DF84E6DE-8F1E-4608-A144-6FEA83711407}.Release|Any CPU.ActiveCfg = Release|Any CPU
		{DF84E6DE-8F1E-4608-A144-6FEA83711407}.Release|Any CPU.Build.0 = Release|Any CPU
		{DF84E6DE-8F1E-4608-A144-6FEA83711407}.Release|x64.ActiveCfg = Release|Any CPU
		{DF84E6DE-8F1E-4608-A144-6FEA83711407}.Release|x64.Build.0 = Release|Any CPU
		{DF84E6DE-8F1E-4608-A144-6FEA83711407}.Release|x86.ActiveCfg = Release|Any CPU
		{DF84E6DE-8F1E-4608-A144-6FEA83711407}.Release|x86.Build.0 = Release|Any CPU
		{D4070163-F1DF-4DFD-9579-1C45A25CE864}.Debug|Any CPU.ActiveCfg = Debug|Any CPU
		{D4070163-F1DF-4DFD-9579-1C45A25CE864}.Debug|Any CPU.Build.0 = Debug|Any CPU
		{D4070163-F1DF-4DFD-9579-1C45A25CE864}.Debug|x64.ActiveCfg = Debug|Any CPU
		{D4070163-F1DF-4DFD-9579-1C45A25CE864}.Debug|x64.Build.0 = Debug|Any CPU
		{D4070163-F1DF-4DFD-9579-1C45A25CE864}.Debug|x86.ActiveCfg = Debug|Any CPU
		{D4070163-F1DF-4DFD-9579-1C45A25CE864}.Debug|x86.Build.0 = Debug|Any CPU
		{D4070163-F1DF-4DFD-9579-1C45A25CE864}.Release|Any CPU.ActiveCfg = Release|Any CPU
		{D4070163-F1DF-4DFD-9579-1C45A25CE864}.Release|Any CPU.Build.0 = Release|Any CPU
		{D4070163-F1DF-4DFD-9579-1C45A25CE864}.Release|x64.ActiveCfg = Release|Any CPU
		{D4070163-F1DF-4DFD-9579-1C45A25CE864}.Release|x64.Build.0 = Release|Any CPU
		{D4070163-F1DF-4DFD-9579-1C45A25CE864}.Release|x86.ActiveCfg = Release|Any CPU
		{D4070163-F1DF-4DFD-9579-1C45A25CE864}.Release|x86.Build.0 = Release|Any CPU
		{A3207B02-7B72-4E55-900F-B7CC3A480E12}.Debug|Any CPU.ActiveCfg = Debug|Any CPU
		{A3207B02-7B72-4E55-900F-B7CC3A480E12}.Debug|Any CPU.Build.0 = Debug|Any CPU
		{A3207B02-7B72-4E55-900F-B7CC3A480E12}.Debug|x64.ActiveCfg = Debug|Any CPU
		{A3207B02-7B72-4E55-900F-B7CC3A480E12}.Debug|x64.Build.0 = Debug|Any CPU
		{A3207B02-7B72-4E55-900F-B7CC3A480E12}.Debug|x86.ActiveCfg = Debug|Any CPU
		{A3207B02-7B72-4E55-900F-B7CC3A480E12}.Debug|x86.Build.0 = Debug|Any CPU
		{A3207B02-7B72-4E55-900F-B7CC3A480E12}.Release|Any CPU.ActiveCfg = Release|Any CPU
		{A3207B02-7B72-4E55-900F-B7CC3A480E12}.Release|Any CPU.Build.0 = Release|Any CPU
		{A3207B02-7B72-4E55-900F-B7CC3A480E12}.Release|x64.ActiveCfg = Release|Any CPU
		{A3207B02-7B72-4E55-900F-B7CC3A480E12}.Release|x64.Build.0 = Release|Any CPU
		{A3207B02-7B72-4E55-900F-B7CC3A480E12}.Release|x86.ActiveCfg = Release|Any CPU
		{A3207B02-7B72-4E55-900F-B7CC3A480E12}.Release|x86.Build.0 = Release|Any CPU
		{050B8B43-F877-436B-ABA7-2C5CBE863BB9}.Debug|Any CPU.ActiveCfg = Debug|Any CPU
		{050B8B43-F877-436B-ABA7-2C5CBE863BB9}.Debug|Any CPU.Build.0 = Debug|Any CPU
		{050B8B43-F877-436B-ABA7-2C5CBE863BB9}.Debug|x64.ActiveCfg = Debug|Any CPU
		{050B8B43-F877-436B-ABA7-2C5CBE863BB9}.Debug|x64.Build.0 = Debug|Any CPU
		{050B8B43-F877-436B-ABA7-2C5CBE863BB9}.Debug|x86.ActiveCfg = Debug|Any CPU
		{050B8B43-F877-436B-ABA7-2C5CBE863BB9}.Debug|x86.Build.0 = Debug|Any CPU
		{050B8B43-F877-436B-ABA7-2C5CBE863BB9}.Release|Any CPU.ActiveCfg = Release|Any CPU
		{050B8B43-F877-436B-ABA7-2C5CBE863BB9}.Release|Any CPU.Build.0 = Release|Any CPU
		{050B8B43-F877-436B-ABA7-2C5CBE863BB9}.Release|x64.ActiveCfg = Release|Any CPU
		{050B8B43-F877-436B-ABA7-2C5CBE863BB9}.Release|x64.Build.0 = Release|Any CPU
		{050B8B43-F877-436B-ABA7-2C5CBE863BB9}.Release|x86.ActiveCfg = Release|Any CPU
		{050B8B43-F877-436B-ABA7-2C5CBE863BB9}.Release|x86.Build.0 = Release|Any CPU
	EndGlobalSection
	GlobalSection(SolutionProperties) = preSolution
		HideSolutionNode = FALSE
	EndGlobalSection
	GlobalSection(NestedProjects) = preSolution
		{422D282B-934C-464E-86A7-4FCB7501FB5B} = {827E0CD3-B72D-47B6-A68D-7590B98EB39B}
		{FC671846-0786-4E55-9745-D177D381589A} = {827E0CD3-B72D-47B6-A68D-7590B98EB39B}
		{FDE7F54D-1A4D-482E-B44E-BEB09916075A} = {0AB3BF05-4346-4AA6-1389-037BE0695223}
		{A0731A78-3DEF-446B-AA64-1D2AC9E3AF85} = {827E0CD3-B72D-47B6-A68D-7590B98EB39B}
		{DF84E6DE-8F1E-4608-A144-6FEA83711407} = {827E0CD3-B72D-47B6-A68D-7590B98EB39B}
		{D4070163-F1DF-4DFD-9579-1C45A25CE864} = {827E0CD3-B72D-47B6-A68D-7590B98EB39B}
		{A3207B02-7B72-4E55-900F-B7CC3A480E12} = {827E0CD3-B72D-47B6-A68D-7590B98EB39B}
		{050B8B43-F877-436B-ABA7-2C5CBE863BB9} = {0AB3BF05-4346-4AA6-1389-037BE0695223}
	EndGlobalSection
	GlobalSection(ExtensibilityGlobals) = postSolution
		SolutionGuid = {A1D182EA-8F50-4046-B2C7-CD40F0AA1BFA}
	EndGlobalSection
EndGlobal
